
Microsoft Visual Studio Solution File, Format Version 12.00
# Visual Studio Version 16
VisualStudioVersion = 16.0.31019.35
MinimumVisualStudioVersion = 10.0.40219.1
Project("{FAE04EC0-301F-11D3-BF4B-00C04F79EFBC}") = "QRCodeReader", "QRCodeReader\QRCodeReader.csproj", "{B97A6183-DB80-4C2F-99FF-97055F534E3D}"
EndProject
Global
	GlobalSection(SolutionConfigurationPlatforms) = preSolution
		Debug|Any CPU = Debug|Any CPU
		Release|Any CPU = Release|Any CPU
	EndGlobalSection
	GlobalSection(ProjectConfigurationPlatforms) = postSolution
		{B97A6183-DB80-4C2F-99FF-97055F534E3D}.Debug|Any CPU.ActiveCfg = Debug|Any CPU
		{B97A6183-DB80-4C2F-99FF-97055F534E3D}.Debug|Any CPU.Build.0 = Debug|Any CPU
		{B97A6183-DB80-4C2F-99FF-97055F534E3D}.Release|Any CPU.ActiveCfg = Release|Any CPU
		{B97A6183-DB80-4C2F-99FF-97055F534E3D}.Release|Any CPU.Build.0 = Release|Any CPU
	EndGlobalSection
	GlobalSection(SolutionProperties) = preSolution
		HideSolutionNode = FALSE
	EndGlobalSection
	GlobalSection(ExtensibilityGlobals) = postSolution
		SolutionGuid = {46BEB5B3-CF71-4BA3-AD53-E5483883C4D0}
	EndGlobalSection
EndGlobal
