
Microsoft Visual Studio Solution File, Format Version 12.00
# Visual Studio Version 16
VisualStudioVersion = 16.0.30011.22
MinimumVisualStudioVersion = 10.0.40219.1
Project("{FAE04EC0-301F-11D3-BF4B-00C04F79EFBC}") = "CaptureImage", "CaptureImage\CaptureImage.csproj", "{A9F9F816-D0DD-47AC-8225-CD682FC17A59}"
EndProject
Global
	GlobalSection(SolutionConfigurationPlatforms) = preSolution
		Debug|Any CPU = Debug|Any CPU
		Release|Any CPU = Release|Any CPU
	EndGlobalSection
	GlobalSection(ProjectConfigurationPlatforms) = postSolution
		{A9F9F816-D0DD-47AC-8225-CD682FC17A59}.Debug|Any CPU.ActiveCfg = Debug|Any CPU
		{A9F9F816-D0DD-47AC-8225-CD682FC17A59}.Debug|Any CPU.Build.0 = Debug|Any CPU
		{A9F9F816-D0DD-47AC-8225-CD682FC17A59}.Release|Any CPU.ActiveCfg = Release|Any CPU
		{A9F9F816-D0DD-47AC-8225-CD682FC17A59}.Release|Any CPU.Build.0 = Release|Any CPU
	EndGlobalSection
	GlobalSection(SolutionProperties) = preSolution
		HideSolutionNode = FALSE
	EndGlobalSection
	GlobalSection(ExtensibilityGlobals) = postSolution
		SolutionGuid = {10C7D9B5-64FB-4CD1-83FA-DD115570436F}
	EndGlobalSection
EndGlobal
