
Microsoft Visual Studio Solution File, Format Version 12.00
# Visual Studio Version 16
VisualStudioVersion = 16.0.29806.167
MinimumVisualStudioVersion = 10.0.40219.1
Project("{FAE04EC0-301F-11D3-BF4B-00C04F79EFBC}") = "OwinPractice", "OwinPractice\OwinPractice.csproj", "{444C217E-F225-4ED9-8F02-4656EA91621A}"
EndProject
Global
	GlobalSection(SolutionConfigurationPlatforms) = preSolution
		Debug|Any CPU = Debug|Any CPU
		Release|Any CPU = Release|Any CPU
	EndGlobalSection
	GlobalSection(ProjectConfigurationPlatforms) = postSolution
		{444C217E-F225-4ED9-8F02-4656EA91621A}.Debug|Any CPU.ActiveCfg = Debug|Any CPU
		{444C217E-F225-4ED9-8F02-4656EA91621A}.Debug|Any CPU.Build.0 = Debug|Any CPU
		{444C217E-F225-4ED9-8F02-4656EA91621A}.Release|Any CPU.ActiveCfg = Release|Any CPU
		{444C217E-F225-4ED9-8F02-4656EA91621A}.Release|Any CPU.Build.0 = Release|Any CPU
	EndGlobalSection
	GlobalSection(SolutionProperties) = preSolution
		HideSolutionNode = FALSE
	EndGlobalSection
	GlobalSection(ExtensibilityGlobals) = postSolution
		SolutionGuid = {6385E993-9510-4942-8166-BD2AA4B7B3FA}
	EndGlobalSection
EndGlobal
