
Microsoft Visual Studio Solution File, Format Version 12.00
# Visual Studio Version 16
VisualStudioVersion = 16.0.31105.61
MinimumVisualStudioVersion = 10.0.40219.1
Project("{FAE04EC0-301F-11D3-BF4B-00C04F79EFBC}") = "ActionFilterPractice", "ActionFilterPractice\ActionFilterPractice.csproj", "{3EB37505-5743-403B-8F7E-DEDE814D1CEB}"
EndProject
Global
	GlobalSection(SolutionConfigurationPlatforms) = preSolution
		Debug|Any CPU = Debug|Any CPU
		Release|Any CPU = Release|Any CPU
	EndGlobalSection
	GlobalSection(ProjectConfigurationPlatforms) = postSolution
		{3EB37505-5743-403B-8F7E-DEDE814D1CEB}.Debug|Any CPU.ActiveCfg = Debug|Any CPU
		{3EB37505-5743-403B-8F7E-DEDE814D1CEB}.Debug|Any CPU.Build.0 = Debug|Any CPU
		{3EB37505-5743-403B-8F7E-DEDE814D1CEB}.Release|Any CPU.ActiveCfg = Release|Any CPU
		{3EB37505-5743-403B-8F7E-DEDE814D1CEB}.Release|Any CPU.Build.0 = Release|Any CPU
	EndGlobalSection
	GlobalSection(SolutionProperties) = preSolution
		HideSolutionNode = FALSE
	EndGlobalSection
	GlobalSection(ExtensibilityGlobals) = postSolution
		SolutionGuid = {5E5A5E13-1840-4FDE-BC98-64CDA6FE1AEB}
	EndGlobalSection
EndGlobal
