
Microsoft Visual Studio Solution File, Format Version 12.00
# Visual Studio Version 16
VisualStudioVersion = 16.0.31105.61
MinimumVisualStudioVersion = 10.0.40219.1
Project("{FAE04EC0-301F-11D3-BF4B-00C04F79EFBC}") = "SendMail", "SendMail\SendMail.csproj", "{CA0DA28A-616D-412D-A0C8-F7DAF5424D79}"
EndProject
Global
	GlobalSection(SolutionConfigurationPlatforms) = preSolution
		Debug|Any CPU = Debug|Any CPU
		Release|Any CPU = Release|Any CPU
	EndGlobalSection
	GlobalSection(ProjectConfigurationPlatforms) = postSolution
		{CA0DA28A-616D-412D-A0C8-F7DAF5424D79}.Debug|Any CPU.ActiveCfg = Debug|Any CPU
		{CA0DA28A-616D-412D-A0C8-F7DAF5424D79}.Debug|Any CPU.Build.0 = Debug|Any CPU
		{CA0DA28A-616D-412D-A0C8-F7DAF5424D79}.Release|Any CPU.ActiveCfg = Release|Any CPU
		{CA0DA28A-616D-412D-A0C8-F7DAF5424D79}.Release|Any CPU.Build.0 = Release|Any CPU
	EndGlobalSection
	GlobalSection(SolutionProperties) = preSolution
		HideSolutionNode = FALSE
	EndGlobalSection
	GlobalSection(ExtensibilityGlobals) = postSolution
		SolutionGuid = {B6B3A40A-F2C1-4616-91C6-64D2BCAA6648}
	EndGlobalSection
EndGlobal
